
Microsoft Visual Studio Solution File, Format Version 12.00
# Visual Studio Version 17
VisualStudioVersion = 17.11.35208.52
MinimumVisualStudioVersion = 10.0.40219.1
Project("{FAE04EC0-301F-11D3-BF4B-00C04F79EFBC}") = "Calculator - Eng Maged Ali", "Calculator - Eng Maged Ali\Calculator - Eng Maged Ali.csproj", "{C182298A-79B3-45C3-8A56-E9BF7CC5E6CF}"
EndProject
Global
	GlobalSection(SolutionConfigurationPlatforms) = preSolution
		Debug|Any CPU = Debug|Any CPU
		Release|Any CPU = Release|Any CPU
	EndGlobalSection
	GlobalSection(ProjectConfigurationPlatforms) = postSolution
		{C182298A-79B3-45C3-8A56-E9BF7CC5E6CF}.Debug|Any CPU.ActiveCfg = Debug|Any CPU
		{C182298A-79B3-45C3-8A56-E9BF7CC5E6CF}.Debug|Any CPU.Build.0 = Debug|Any CPU
		{C182298A-79B3-45C3-8A56-E9BF7CC5E6CF}.Release|Any CPU.ActiveCfg = Release|Any CPU
		{C182298A-79B3-45C3-8A56-E9BF7CC5E6CF}.Release|Any CPU.Build.0 = Release|Any CPU
	EndGlobalSection
	GlobalSection(SolutionProperties) = preSolution
		HideSolutionNode = FALSE
	EndGlobalSection
	GlobalSection(ExtensibilityGlobals) = postSolution
		SolutionGuid = {7469B70D-2DB7-4DFF-A92E-276D356F1F77}
	EndGlobalSection
EndGlobal
